// !$*UTF8*$!
{
	archiveVersion = 1;
	classes = {
	};
	objectVersion = 50;
	objects = {

/* Begin PBXBuildFile section */
		4F55F30226567B4C00BB6314 /* AppDelegate.swift in Sources */ = {isa = PBXBuildFile; fileRef = 4F55F30126567B4C00BB6314 /* AppDelegate.swift */; };
		4F55F30426567B4C00BB6314 /* SceneDelegate.swift in Sources */ = {isa = PBXBuildFile; fileRef = 4F55F30326567B4C00BB6314 /* SceneDelegate.swift */; };
		4F55F30626567B4C00BB6314 /* ViewController.swift in Sources */ = {isa = PBXBuildFile; fileRef = 4F55F30526567B4C00BB6314 /* ViewController.swift */; };
		4F55F30B26567B4E00BB6314 /* Assets.xcassets in Resources */ = {isa = PBXBuildFile; fileRef = 4F55F30A26567B4E00BB6314 /* Assets.xcassets */; };
		4F55F30E26567B4E00BB6314 /* LaunchScreen.storyboard in Resources */ = {isa = PBXBuildFile; fileRef = 4F55F30C26567B4E00BB6314 /* LaunchScreen.storyboard */; };
		4F55F31926567B4E00BB6314 /* MVP_C_OnboardingTests.swift in Sources */ = {isa = PBXBuildFile; fileRef = 4F55F31826567B4E00BB6314 /* MVP_C_OnboardingTests.swift */; };
		4F55F32426567B4E00BB6314 /* MVP_C_OnboardingUITests.swift in Sources */ = {isa = PBXBuildFile; fileRef = 4F55F32326567B4E00BB6314 /* MVP_C_OnboardingUITests.swift */; };
		4F62465B265D90EC00E89DF2 /* OurAppsViewController.swift in Sources */ = {isa = PBXBuildFile; fileRef = 4F62465A265D90EC00E89DF2 /* OurAppsViewController.swift */; };
		4F62465D265D90FF00E89DF2 /* OurAppsPresenter.swift in Sources */ = {isa = PBXBuildFile; fileRef = 4F62465C265D90FF00E89DF2 /* OurAppsPresenter.swift */; };
		4F62465F265D910F00E89DF2 /* OurAppsCoordinator.swift in Sources */ = {isa = PBXBuildFile; fileRef = 4F62465E265D910F00E89DF2 /* OurAppsCoordinator.swift */; };
		4FEABFB7265AB67D009A5D2E /* Constants.swift in Sources */ = {isa = PBXBuildFile; fileRef = 4FEABFB6265AB67D009A5D2E /* Constants.swift */; };
		4FEABFB9265AB6E5009A5D2E /* Coordinator.swift in Sources */ = {isa = PBXBuildFile; fileRef = 4FEABFB8265AB6E5009A5D2E /* Coordinator.swift */; };
		4FEABFBC265AB79C009A5D2E /* ThemeColors.swift in Sources */ = {isa = PBXBuildFile; fileRef = 4FEABFBB265AB79C009A5D2E /* ThemeColors.swift */; };
		4FEABFBE265AB890009A5D2E /* RoundedUIButton.swift in Sources */ = {isa = PBXBuildFile; fileRef = 4FEABFBD265AB890009A5D2E /* RoundedUIButton.swift */; };
		4FEABFC0265AB8EA009A5D2E /* Users.swift in Sources */ = {isa = PBXBuildFile; fileRef = 4FEABFBF265AB8EA009A5D2E /* Users.swift */; };
		4FEABFC5265AB966009A5D2E /* HomeViewController.swift in Sources */ = {isa = PBXBuildFile; fileRef = 4FEABFC4265AB966009A5D2E /* HomeViewController.swift */; };
		4FEABFC7265AB97F009A5D2E /* HomeViewCoordinator.swift in Sources */ = {isa = PBXBuildFile; fileRef = 4FEABFC6265AB97F009A5D2E /* HomeViewCoordinator.swift */; };
		4FEABFC9265AB992009A5D2E /* HomeViewPresenter.swift in Sources */ = {isa = PBXBuildFile; fileRef = 4FEABFC8265AB992009A5D2E /* HomeViewPresenter.swift */; };
		4FEABFCB265ABA3E009A5D2E /* CompanyValuesViewController.swift in Sources */ = {isa = PBXBuildFile; fileRef = 4FEABFCA265ABA3E009A5D2E /* CompanyValuesViewController.swift */; };
		4FEABFCD265ABA58009A5D2E /* CompanyValuesCoordinator.swift in Sources */ = {isa = PBXBuildFile; fileRef = 4FEABFCC265ABA58009A5D2E /* CompanyValuesCoordinator.swift */; };
		4FEABFCF265ABA6C009A5D2E /* CompanyValuesPresenter.swift in Sources */ = {isa = PBXBuildFile; fileRef = 4FEABFCE265ABA6C009A5D2E /* CompanyValuesPresenter.swift */; };
		4FEABFD1265AC20A009A5D2E /* OurPeopleViewController.swift in Sources */ = {isa = PBXBuildFile; fileRef = 4FEABFD0265AC20A009A5D2E /* OurPeopleViewController.swift */; };
		4FEABFD3265AC217009A5D2E /* OurPeoplePresenter.swift in Sources */ = {isa = PBXBuildFile; fileRef = 4FEABFD2265AC217009A5D2E /* OurPeoplePresenter.swift */; };
		4FEABFD5265AC221009A5D2E /* OurPeopleCoordinator.swift in Sources */ = {isa = PBXBuildFile; fileRef = 4FEABFD4265AC221009A5D2E /* OurPeopleCoordinator.swift */; };
		4FEABFD7265AF030009A5D2E /* ClippedCornerRectView.swift in Sources */ = {isa = PBXBuildFile; fileRef = 4FEABFD6265AF030009A5D2E /* ClippedCornerRectView.swift */; };
		4FEABFDA265B04C3009A5D2E /* UIView+Extension.swift in Sources */ = {isa = PBXBuildFile; fileRef = 4FEABFD9265B04C3009A5D2E /* UIView+Extension.swift */; };
		4FF6AAF82663A7AA006DB682 /* ColorSupport.swift in Sources */ = {isa = PBXBuildFile; fileRef = 4FF6AAF72663A7AA006DB682 /* ColorSupport.swift */; };
/* End PBXBuildFile section */

/* Begin PBXContainerItemProxy section */
		4F55F31526567B4E00BB6314 /* PBXContainerItemProxy */ = {
			isa = PBXContainerItemProxy;
			containerPortal = 4F55F2F626567B4C00BB6314 /* Project object */;
			proxyType = 1;
			remoteGlobalIDString = 4F55F2FD26567B4C00BB6314;
			remoteInfo = "MVP-C-Onboarding";
		};
		4F55F32026567B4E00BB6314 /* PBXContainerItemProxy */ = {
			isa = PBXContainerItemProxy;
			containerPortal = 4F55F2F626567B4C00BB6314 /* Project object */;
			proxyType = 1;
			remoteGlobalIDString = 4F55F2FD26567B4C00BB6314;
			remoteInfo = "MVP-C-Onboarding";
		};
/* End PBXContainerItemProxy section */

/* Begin PBXFileReference section */
		4F55F2FE26567B4C00BB6314 /* MVP-C-Onboarding.app */ = {isa = PBXFileReference; explicitFileType = wrapper.application; includeInIndex = 0; path = "MVP-C-Onboarding.app"; sourceTree = BUILT_PRODUCTS_DIR; };
		4F55F30126567B4C00BB6314 /* AppDelegate.swift */ = {isa = PBXFileReference; lastKnownFileType = sourcecode.swift; path = AppDelegate.swift; sourceTree = "<group>"; };
		4F55F30326567B4C00BB6314 /* SceneDelegate.swift */ = {isa = PBXFileReference; lastKnownFileType = sourcecode.swift; path = SceneDelegate.swift; sourceTree = "<group>"; };
		4F55F30526567B4C00BB6314 /* ViewController.swift */ = {isa = PBXFileReference; lastKnownFileType = sourcecode.swift; path = ViewController.swift; sourceTree = "<group>"; };
		4F55F30A26567B4E00BB6314 /* Assets.xcassets */ = {isa = PBXFileReference; lastKnownFileType = folder.assetcatalog; path = Assets.xcassets; sourceTree = "<group>"; };
		4F55F30D26567B4E00BB6314 /* Base */ = {isa = PBXFileReference; lastKnownFileType = file.storyboard; name = Base; path = Base.lproj/LaunchScreen.storyboard; sourceTree = "<group>"; };
		4F55F30F26567B4E00BB6314 /* Info.plist */ = {isa = PBXFileReference; lastKnownFileType = text.plist.xml; path = Info.plist; sourceTree = "<group>"; };
		4F55F31426567B4E00BB6314 /* MVP-C-OnboardingTests.xctest */ = {isa = PBXFileReference; explicitFileType = wrapper.cfbundle; includeInIndex = 0; path = "MVP-C-OnboardingTests.xctest"; sourceTree = BUILT_PRODUCTS_DIR; };
		4F55F31826567B4E00BB6314 /* MVP_C_OnboardingTests.swift */ = {isa = PBXFileReference; lastKnownFileType = sourcecode.swift; path = MVP_C_OnboardingTests.swift; sourceTree = "<group>"; };
		4F55F31A26567B4E00BB6314 /* Info.plist */ = {isa = PBXFileReference; lastKnownFileType = text.plist.xml; path = Info.plist; sourceTree = "<group>"; };
		4F55F31F26567B4E00BB6314 /* MVP-C-OnboardingUITests.xctest */ = {isa = PBXFileReference; explicitFileType = wrapper.cfbundle; includeInIndex = 0; path = "MVP-C-OnboardingUITests.xctest"; sourceTree = BUILT_PRODUCTS_DIR; };
		4F55F32326567B4E00BB6314 /* MVP_C_OnboardingUITests.swift */ = {isa = PBXFileReference; lastKnownFileType = sourcecode.swift; path = MVP_C_OnboardingUITests.swift; sourceTree = "<group>"; };
		4F55F32526567B4E00BB6314 /* Info.plist */ = {isa = PBXFileReference; lastKnownFileType = text.plist.xml; path = Info.plist; sourceTree = "<group>"; };
		4F62465A265D90EC00E89DF2 /* OurAppsViewController.swift */ = {isa = PBXFileReference; lastKnownFileType = sourcecode.swift; path = OurAppsViewController.swift; sourceTree = "<group>"; };
		4F62465C265D90FF00E89DF2 /* OurAppsPresenter.swift */ = {isa = PBXFileReference; lastKnownFileType = sourcecode.swift; path = OurAppsPresenter.swift; sourceTree = "<group>"; };
		4F62465E265D910F00E89DF2 /* OurAppsCoordinator.swift */ = {isa = PBXFileReference; lastKnownFileType = sourcecode.swift; path = OurAppsCoordinator.swift; sourceTree = "<group>"; };
		4FEABFB6265AB67D009A5D2E /* Constants.swift */ = {isa = PBXFileReference; lastKnownFileType = sourcecode.swift; path = Constants.swift; sourceTree = "<group>"; };
		4FEABFB8265AB6E5009A5D2E /* Coordinator.swift */ = {isa = PBXFileReference; lastKnownFileType = sourcecode.swift; path = Coordinator.swift; sourceTree = "<group>"; };
		4FEABFBB265AB79C009A5D2E /* ThemeColors.swift */ = {isa = PBXFileReference; lastKnownFileType = sourcecode.swift; path = ThemeColors.swift; sourceTree = "<group>"; };
		4FEABFBD265AB890009A5D2E /* RoundedUIButton.swift */ = {isa = PBXFileReference; lastKnownFileType = sourcecode.swift; path = RoundedUIButton.swift; sourceTree = "<group>"; };
		4FEABFBF265AB8EA009A5D2E /* Users.swift */ = {isa = PBXFileReference; lastKnownFileType = sourcecode.swift; path = Users.swift; sourceTree = "<group>"; };
		4FEABFC4265AB966009A5D2E /* HomeViewController.swift */ = {isa = PBXFileReference; lastKnownFileType = sourcecode.swift; path = HomeViewController.swift; sourceTree = "<group>"; };
		4FEABFC6265AB97F009A5D2E /* HomeViewCoordinator.swift */ = {isa = PBXFileReference; lastKnownFileType = sourcecode.swift; path = HomeViewCoordinator.swift; sourceTree = "<group>"; };
		4FEABFC8265AB992009A5D2E /* HomeViewPresenter.swift */ = {isa = PBXFileReference; lastKnownFileType = sourcecode.swift; path = HomeViewPresenter.swift; sourceTree = "<group>"; };
		4FEABFCA265ABA3E009A5D2E /* CompanyValuesViewController.swift */ = {isa = PBXFileReference; lastKnownFileType = sourcecode.swift; path = CompanyValuesViewController.swift; sourceTree = "<group>"; };
		4FEABFCC265ABA58009A5D2E /* CompanyValuesCoordinator.swift */ = {isa = PBXFileReference; lastKnownFileType = sourcecode.swift; path = CompanyValuesCoordinator.swift; sourceTree = "<group>"; };
		4FEABFCE265ABA6C009A5D2E /* CompanyValuesPresenter.swift */ = {isa = PBXFileReference; lastKnownFileType = sourcecode.swift; path = CompanyValuesPresenter.swift; sourceTree = "<group>"; };
		4FEABFD0265AC20A009A5D2E /* OurPeopleViewController.swift */ = {isa = PBXFileReference; lastKnownFileType = sourcecode.swift; path = OurPeopleViewController.swift; sourceTree = "<group>"; };
		4FEABFD2265AC217009A5D2E /* OurPeoplePresenter.swift */ = {isa = PBXFileReference; lastKnownFileType = sourcecode.swift; path = OurPeoplePresenter.swift; sourceTree = "<group>"; };
		4FEABFD4265AC221009A5D2E /* OurPeopleCoordinator.swift */ = {isa = PBXFileReference; lastKnownFileType = sourcecode.swift; path = OurPeopleCoordinator.swift; sourceTree = "<group>"; };
		4FEABFD6265AF030009A5D2E /* ClippedCornerRectView.swift */ = {isa = PBXFileReference; lastKnownFileType = sourcecode.swift; path = ClippedCornerRectView.swift; sourceTree = "<group>"; };
		4FEABFD9265B04C3009A5D2E /* UIView+Extension.swift */ = {isa = PBXFileReference; lastKnownFileType = sourcecode.swift; path = "UIView+Extension.swift"; sourceTree = "<group>"; };
		4FF6AAF72663A7AA006DB682 /* ColorSupport.swift */ = {isa = PBXFileReference; lastKnownFileType = sourcecode.swift; path = ColorSupport.swift; sourceTree = "<group>"; };
/* End PBXFileReference section */

/* Begin PBXFrameworksBuildPhase section */
		4F55F2FB26567B4C00BB6314 /* Frameworks */ = {
			isa = PBXFrameworksBuildPhase;
			buildActionMask = 2147483647;
			files = (
			);
			runOnlyForDeploymentPostprocessing = 0;
		};
		4F55F31126567B4E00BB6314 /* Frameworks */ = {
			isa = PBXFrameworksBuildPhase;
			buildActionMask = 2147483647;
			files = (
			);
			runOnlyForDeploymentPostprocessing = 0;
		};
		4F55F31C26567B4E00BB6314 /* Frameworks */ = {
			isa = PBXFrameworksBuildPhase;
			buildActionMask = 2147483647;
			files = (
			);
			runOnlyForDeploymentPostprocessing = 0;
		};
/* End PBXFrameworksBuildPhase section */

/* Begin PBXGroup section */
		4F2EB09926567D37006C604D /* Constants */ = {
			isa = PBXGroup;
			children = (
				4FEABFB6265AB67D009A5D2E /* Constants.swift */,
			);
			path = Constants;
			sourceTree = "<group>";
		};
		4F2EB09A26567D40006C604D /* Common */ = {
			isa = PBXGroup;
			children = (
				4FEABFBA265AB773009A5D2E /* ViewElements */,
				4FEABFB8265AB6E5009A5D2E /* Coordinator.swift */,
			);
			path = Common;
			sourceTree = "<group>";
		};
		4F2EB09B26567D4B006C604D /* Model */ = {
			isa = PBXGroup;
			children = (
				4FEABFBF265AB8EA009A5D2E /* Users.swift */,
			);
			path = Model;
			sourceTree = "<group>";
		};
		4F2EB09C26567F97006C604D /* SupportingFiles */ = {
			isa = PBXGroup;
			children = (
				4F55F30C26567B4E00BB6314 /* LaunchScreen.storyboard */,
			);
			path = SupportingFiles;
			sourceTree = "<group>";
		};
		4F2EB09D26568042006C604D /* ViewControllers */ = {
			isa = PBXGroup;
			children = (
				4FEABFC1265AB909009A5D2E /* Home */,
				4FEABFC2265AB915009A5D2E /* CompanyValues */,
				4FEABFC3265AB92B009A5D2E /* OurPeople */,
				4F82CCA2265C57970072F97F /* OurApps */,
				4FF6AAF92663EF40006DB682 /* TeamFun */,
			);
			path = ViewControllers;
			sourceTree = "<group>";
		};
		4F55F2F526567B4C00BB6314 = {
			isa = PBXGroup;
			children = (
				4F55F30026567B4C00BB6314 /* MVP-C-Onboarding */,
				4F55F31726567B4E00BB6314 /* MVP-C-OnboardingTests */,
				4F55F32226567B4E00BB6314 /* MVP-C-OnboardingUITests */,
				4F55F2FF26567B4C00BB6314 /* Products */,
			);
			sourceTree = "<group>";
		};
		4F55F2FF26567B4C00BB6314 /* Products */ = {
			isa = PBXGroup;
			children = (
				4F55F2FE26567B4C00BB6314 /* MVP-C-Onboarding.app */,
				4F55F31426567B4E00BB6314 /* MVP-C-OnboardingTests.xctest */,
				4F55F31F26567B4E00BB6314 /* MVP-C-OnboardingUITests.xctest */,
			);
			name = Products;
			sourceTree = "<group>";
		};
		4F55F30026567B4C00BB6314 /* MVP-C-Onboarding */ = {
			isa = PBXGroup;
			children = (
				4FF6AAF62663A796006DB682 /* Helpers */,
				4FEABFD8265B0498009A5D2E /* Extensions */,
				4F2EB09926567D37006C604D /* Constants */,
				4F2EB09A26567D40006C604D /* Common */,
				4F2EB09B26567D4B006C604D /* Model */,
				4F2EB09D26568042006C604D /* ViewControllers */,
				4F55F30126567B4C00BB6314 /* AppDelegate.swift */,
				4F55F30326567B4C00BB6314 /* SceneDelegate.swift */,
				4F55F30526567B4C00BB6314 /* ViewController.swift */,
				4F55F30A26567B4E00BB6314 /* Assets.xcassets */,
				4F2EB09C26567F97006C604D /* SupportingFiles */,
				4F55F30F26567B4E00BB6314 /* Info.plist */,
			);
			path = "MVP-C-Onboarding";
			sourceTree = "<group>";
		};
		4F55F31726567B4E00BB6314 /* MVP-C-OnboardingTests */ = {
			isa = PBXGroup;
			children = (
				4F55F31826567B4E00BB6314 /* MVP_C_OnboardingTests.swift */,
				4F55F31A26567B4E00BB6314 /* Info.plist */,
			);
			path = "MVP-C-OnboardingTests";
			sourceTree = "<group>";
		};
		4F55F32226567B4E00BB6314 /* MVP-C-OnboardingUITests */ = {
			isa = PBXGroup;
			children = (
				4F55F32326567B4E00BB6314 /* MVP_C_OnboardingUITests.swift */,
				4F55F32526567B4E00BB6314 /* Info.plist */,
			);
			path = "MVP-C-OnboardingUITests";
			sourceTree = "<group>";
		};
		4F82CCA2265C57970072F97F /* OurApps */ = {
			isa = PBXGroup;
			children = (
				4F62465A265D90EC00E89DF2 /* OurAppsViewController.swift */,
				4F62465C265D90FF00E89DF2 /* OurAppsPresenter.swift */,
				4F62465E265D910F00E89DF2 /* OurAppsCoordinator.swift */,
			);
			path = OurApps;
			sourceTree = "<group>";
		};
		4FEABFBA265AB773009A5D2E /* ViewElements */ = {
			isa = PBXGroup;
			children = (
				4FEABFBB265AB79C009A5D2E /* ThemeColors.swift */,
				4FEABFBD265AB890009A5D2E /* RoundedUIButton.swift */,
				4FEABFD6265AF030009A5D2E /* ClippedCornerRectView.swift */,
			);
			path = ViewElements;
			sourceTree = "<group>";
		};
		4FEABFC1265AB909009A5D2E /* Home */ = {
			isa = PBXGroup;
			children = (
				4FEABFC4265AB966009A5D2E /* HomeViewController.swift */,
				4FEABFC8265AB992009A5D2E /* HomeViewPresenter.swift */,
				4FEABFC6265AB97F009A5D2E /* HomeViewCoordinator.swift */,
			);
			path = Home;
			sourceTree = "<group>";
		};
		4FEABFC2265AB915009A5D2E /* CompanyValues */ = {
			isa = PBXGroup;
			children = (
				4FEABFCA265ABA3E009A5D2E /* CompanyValuesViewController.swift */,
				4FEABFCE265ABA6C009A5D2E /* CompanyValuesPresenter.swift */,
				4FEABFCC265ABA58009A5D2E /* CompanyValuesCoordinator.swift */,
			);
			path = CompanyValues;
			sourceTree = "<group>";
		};
		4FEABFC3265AB92B009A5D2E /* OurPeople */ = {
			isa = PBXGroup;
			children = (
				4FEABFD0265AC20A009A5D2E /* OurPeopleViewController.swift */,
				4FEABFD2265AC217009A5D2E /* OurPeoplePresenter.swift */,
				4FEABFD4265AC221009A5D2E /* OurPeopleCoordinator.swift */,
			);
			path = OurPeople;
			sourceTree = "<group>";
		};
		4FEABFD8265B0498009A5D2E /* Extensions */ = {
			isa = PBXGroup;
			children = (
				4FEABFD9265B04C3009A5D2E /* UIView+Extension.swift */,
			);
			path = Extensions;
			sourceTree = "<group>";
		};
		4FF6AAF62663A796006DB682 /* Helpers */ = {
			isa = PBXGroup;
			children = (
				4FF6AAF72663A7AA006DB682 /* ColorSupport.swift */,
			);
			path = Helpers;
			sourceTree = "<group>";
		};
		4FF6AAF92663EF40006DB682 /* TeamFun */ = {
			isa = PBXGroup;
			children = (
			);
			path = TeamFun;
			sourceTree = "<group>";
		};
/* End PBXGroup section */

/* Begin PBXNativeTarget section */
		4F55F2FD26567B4C00BB6314 /* MVP-C-Onboarding */ = {
			isa = PBXNativeTarget;
			buildConfigurationList = 4F55F32826567B4E00BB6314 /* Build configuration list for PBXNativeTarget "MVP-C-Onboarding" */;
			buildPhases = (
				4F55F2FA26567B4C00BB6314 /* Sources */,
				4F55F2FB26567B4C00BB6314 /* Frameworks */,
				4F55F2FC26567B4C00BB6314 /* Resources */,
			);
			buildRules = (
			);
			dependencies = (
			);
			name = "MVP-C-Onboarding";
			productName = "MVP-C-Onboarding";
			productReference = 4F55F2FE26567B4C00BB6314 /* MVP-C-Onboarding.app */;
			productType = "com.apple.product-type.application";
		};
		4F55F31326567B4E00BB6314 /* MVP-C-OnboardingTests */ = {
			isa = PBXNativeTarget;
			buildConfigurationList = 4F55F32B26567B4E00BB6314 /* Build configuration list for PBXNativeTarget "MVP-C-OnboardingTests" */;
			buildPhases = (
				4F55F31026567B4E00BB6314 /* Sources */,
				4F55F31126567B4E00BB6314 /* Frameworks */,
				4F55F31226567B4E00BB6314 /* Resources */,
			);
			buildRules = (
			);
			dependencies = (
				4F55F31626567B4E00BB6314 /* PBXTargetDependency */,
			);
			name = "MVP-C-OnboardingTests";
			productName = "MVP-C-OnboardingTests";
			productReference = 4F55F31426567B4E00BB6314 /* MVP-C-OnboardingTests.xctest */;
			productType = "com.apple.product-type.bundle.unit-test";
		};
		4F55F31E26567B4E00BB6314 /* MVP-C-OnboardingUITests */ = {
			isa = PBXNativeTarget;
			buildConfigurationList = 4F55F32E26567B4E00BB6314 /* Build configuration list for PBXNativeTarget "MVP-C-OnboardingUITests" */;
			buildPhases = (
				4F55F31B26567B4E00BB6314 /* Sources */,
				4F55F31C26567B4E00BB6314 /* Frameworks */,
				4F55F31D26567B4E00BB6314 /* Resources */,
			);
			buildRules = (
			);
			dependencies = (
				4F55F32126567B4E00BB6314 /* PBXTargetDependency */,
			);
			name = "MVP-C-OnboardingUITests";
			productName = "MVP-C-OnboardingUITests";
			productReference = 4F55F31F26567B4E00BB6314 /* MVP-C-OnboardingUITests.xctest */;
			productType = "com.apple.product-type.bundle.ui-testing";
		};
/* End PBXNativeTarget section */

/* Begin PBXProject section */
		4F55F2F626567B4C00BB6314 /* Project object */ = {
			isa = PBXProject;
			attributes = {
				LastSwiftUpdateCheck = 1250;
				LastUpgradeCheck = 1250;
				TargetAttributes = {
					4F55F2FD26567B4C00BB6314 = {
						CreatedOnToolsVersion = 12.5;
					};
					4F55F31326567B4E00BB6314 = {
						CreatedOnToolsVersion = 12.5;
						TestTargetID = 4F55F2FD26567B4C00BB6314;
					};
					4F55F31E26567B4E00BB6314 = {
						CreatedOnToolsVersion = 12.5;
						TestTargetID = 4F55F2FD26567B4C00BB6314;
					};
				};
			};
			buildConfigurationList = 4F55F2F926567B4C00BB6314 /* Build configuration list for PBXProject "MVP-C-Onboarding" */;
			compatibilityVersion = "Xcode 9.3";
			developmentRegion = en;
			hasScannedForEncodings = 0;
			knownRegions = (
				en,
				Base,
			);
			mainGroup = 4F55F2F526567B4C00BB6314;
			productRefGroup = 4F55F2FF26567B4C00BB6314 /* Products */;
			projectDirPath = "";
			projectRoot = "";
			targets = (
				4F55F2FD26567B4C00BB6314 /* MVP-C-Onboarding */,
				4F55F31326567B4E00BB6314 /* MVP-C-OnboardingTests */,
				4F55F31E26567B4E00BB6314 /* MVP-C-OnboardingUITests */,
			);
		};
/* End PBXProject section */

/* Begin PBXResourcesBuildPhase section */
		4F55F2FC26567B4C00BB6314 /* Resources */ = {
			isa = PBXResourcesBuildPhase;
			buildActionMask = 2147483647;
			files = (
				4F55F30E26567B4E00BB6314 /* LaunchScreen.storyboard in Resources */,
				4F55F30B26567B4E00BB6314 /* Assets.xcassets in Resources */,
			);
			runOnlyForDeploymentPostprocessing = 0;
		};
		4F55F31226567B4E00BB6314 /* Resources */ = {
			isa = PBXResourcesBuildPhase;
			buildActionMask = 2147483647;
			files = (
			);
			runOnlyForDeploymentPostprocessing = 0;
		};
		4F55F31D26567B4E00BB6314 /* Resources */ = {
			isa = PBXResourcesBuildPhase;
			buildActionMask = 2147483647;
			files = (
			);
			runOnlyForDeploymentPostprocessing = 0;
		};
/* End PBXResourcesBuildPhase section */

/* Begin PBXSourcesBuildPhase section */
		4F55F2FA26567B4C00BB6314 /* Sources */ = {
			isa = PBXSourcesBuildPhase;
			buildActionMask = 2147483647;
			files = (
				4FEABFCF265ABA6C009A5D2E /* CompanyValuesPresenter.swift in Sources */,
				4FEABFD7265AF030009A5D2E /* ClippedCornerRectView.swift in Sources */,
				4FEABFC7265AB97F009A5D2E /* HomeViewCoordinator.swift in Sources */,
				4FEABFCB265ABA3E009A5D2E /* CompanyValuesViewController.swift in Sources */,
				4FEABFC0265AB8EA009A5D2E /* Users.swift in Sources */,
				4FEABFBE265AB890009A5D2E /* RoundedUIButton.swift in Sources */,
				4F55F30626567B4C00BB6314 /* ViewController.swift in Sources */,
				4F55F30226567B4C00BB6314 /* AppDelegate.swift in Sources */,
				4FEABFB9265AB6E5009A5D2E /* Coordinator.swift in Sources */,
				4FEABFC9265AB992009A5D2E /* HomeViewPresenter.swift in Sources */,
				4FEABFC5265AB966009A5D2E /* HomeViewController.swift in Sources */,
				4FF6AAF82663A7AA006DB682 /* ColorSupport.swift in Sources */,
				4F55F30426567B4C00BB6314 /* SceneDelegate.swift in Sources */,
				4FEABFDA265B04C3009A5D2E /* UIView+Extension.swift in Sources */,
				4FEABFD5265AC221009A5D2E /* OurPeopleCoordinator.swift in Sources */,
				4FEABFB7265AB67D009A5D2E /* Constants.swift in Sources */,
				4F62465B265D90EC00E89DF2 /* OurAppsViewController.swift in Sources */,
				4FEABFCD265ABA58009A5D2E /* CompanyValuesCoordinator.swift in Sources */,
				4F62465F265D910F00E89DF2 /* OurAppsCoordinator.swift in Sources */,
				4FEABFBC265AB79C009A5D2E /* ThemeColors.swift in Sources */,
				4FEABFD3265AC217009A5D2E /* OurPeoplePresenter.swift in Sources */,
				4FEABFD1265AC20A009A5D2E /* OurPeopleViewController.swift in Sources */,
				4F62465D265D90FF00E89DF2 /* OurAppsPresenter.swift in Sources */,
			);
			runOnlyForDeploymentPostprocessing = 0;
		};
		4F55F31026567B4E00BB6314 /* Sources */ = {
			isa = PBXSourcesBuildPhase;
			buildActionMask = 2147483647;
			files = (
				4F55F31926567B4E00BB6314 /* MVP_C_OnboardingTests.swift in Sources */,
			);
			runOnlyForDeploymentPostprocessing = 0;
		};
		4F55F31B26567B4E00BB6314 /* Sources */ = {
			isa = PBXSourcesBuildPhase;
			buildActionMask = 2147483647;
			files = (
				4F55F32426567B4E00BB6314 /* MVP_C_OnboardingUITests.swift in Sources */,
			);
			runOnlyForDeploymentPostprocessing = 0;
		};
/* End PBXSourcesBuildPhase section */

/* Begin PBXTargetDependency section */
		4F55F31626567B4E00BB6314 /* PBXTargetDependency */ = {
			isa = PBXTargetDependency;
			target = 4F55F2FD26567B4C00BB6314 /* MVP-C-Onboarding */;
			targetProxy = 4F55F31526567B4E00BB6314 /* PBXContainerItemProxy */;
		};
		4F55F32126567B4E00BB6314 /* PBXTargetDependency */ = {
			isa = PBXTargetDependency;
			target = 4F55F2FD26567B4C00BB6314 /* MVP-C-Onboarding */;
			targetProxy = 4F55F32026567B4E00BB6314 /* PBXContainerItemProxy */;
		};
/* End PBXTargetDependency section */

/* Begin PBXVariantGroup section */
		4F55F30C26567B4E00BB6314 /* LaunchScreen.storyboard */ = {
			isa = PBXVariantGroup;
			children = (
				4F55F30D26567B4E00BB6314 /* Base */,
			);
			name = LaunchScreen.storyboard;
			sourceTree = "<group>";
		};
/* End PBXVariantGroup section */

/* Begin XCBuildConfiguration section */
		4F55F32626567B4E00BB6314 /* Debug */ = {
			isa = XCBuildConfiguration;
			buildSettings = {
				ALWAYS_SEARCH_USER_PATHS = NO;
				CLANG_ANALYZER_NONNULL = YES;
				CLANG_ANALYZER_NUMBER_OBJECT_CONVERSION = YES_AGGRESSIVE;
				CLANG_CXX_LANGUAGE_STANDARD = "gnu++14";
				CLANG_CXX_LIBRARY = "libc++";
				CLANG_ENABLE_MODULES = YES;
				CLANG_ENABLE_OBJC_ARC = YES;
				CLANG_ENABLE_OBJC_WEAK = YES;
				CLANG_WARN_BLOCK_CAPTURE_AUTORELEASING = YES;
				CLANG_WARN_BOOL_CONVERSION = YES;
				CLANG_WARN_COMMA = YES;
				CLANG_WARN_CONSTANT_CONVERSION = YES;
				CLANG_WARN_DEPRECATED_OBJC_IMPLEMENTATIONS = YES;
				CLANG_WARN_DIRECT_OBJC_ISA_USAGE = YES_ERROR;
				CLANG_WARN_DOCUMENTATION_COMMENTS = YES;
				CLANG_WARN_EMPTY_BODY = YES;
				CLANG_WARN_ENUM_CONVERSION = YES;
				CLANG_WARN_INFINITE_RECURSION = YES;
				CLANG_WARN_INT_CONVERSION = YES;
				CLANG_WARN_NON_LITERAL_NULL_CONVERSION = YES;
				CLANG_WARN_OBJC_IMPLICIT_RETAIN_SELF = YES;
				CLANG_WARN_OBJC_LITERAL_CONVERSION = YES;
				CLANG_WARN_OBJC_ROOT_CLASS = YES_ERROR;
				CLANG_WARN_QUOTED_INCLUDE_IN_FRAMEWORK_HEADER = YES;
				CLANG_WARN_RANGE_LOOP_ANALYSIS = YES;
				CLANG_WARN_STRICT_PROTOTYPES = YES;
				CLANG_WARN_SUSPICIOUS_MOVE = YES;
				CLANG_WARN_UNGUARDED_AVAILABILITY = YES_AGGRESSIVE;
				CLANG_WARN_UNREACHABLE_CODE = YES;
				CLANG_WARN__DUPLICATE_METHOD_MATCH = YES;
				COPY_PHASE_STRIP = NO;
				DEBUG_INFORMATION_FORMAT = dwarf;
				ENABLE_STRICT_OBJC_MSGSEND = YES;
				ENABLE_TESTABILITY = YES;
				GCC_C_LANGUAGE_STANDARD = gnu11;
				GCC_DYNAMIC_NO_PIC = NO;
				GCC_NO_COMMON_BLOCKS = YES;
				GCC_OPTIMIZATION_LEVEL = 0;
				GCC_PREPROCESSOR_DEFINITIONS = (
					"DEBUG=1",
					"$(inherited)",
				);
				GCC_WARN_64_TO_32_BIT_CONVERSION = YES;
				GCC_WARN_ABOUT_RETURN_TYPE = YES_ERROR;
				GCC_WARN_UNDECLARED_SELECTOR = YES;
				GCC_WARN_UNINITIALIZED_AUTOS = YES_AGGRESSIVE;
				GCC_WARN_UNUSED_FUNCTION = YES;
				GCC_WARN_UNUSED_VARIABLE = YES;
				IPHONEOS_DEPLOYMENT_TARGET = 14.5;
				MTL_ENABLE_DEBUG_INFO = INCLUDE_SOURCE;
				MTL_FAST_MATH = YES;
				ONLY_ACTIVE_ARCH = YES;
				SDKROOT = iphoneos;
				SWIFT_ACTIVE_COMPILATION_CONDITIONS = DEBUG;
				SWIFT_OPTIMIZATION_LEVEL = "-Onone";
			};
			name = Debug;
		};
		4F55F32726567B4E00BB6314 /* Release */ = {
			isa = XCBuildConfiguration;
			buildSettings = {
				ALWAYS_SEARCH_USER_PATHS = NO;
				CLANG_ANALYZER_NONNULL = YES;
				CLANG_ANALYZER_NUMBER_OBJECT_CONVERSION = YES_AGGRESSIVE;
				CLANG_CXX_LANGUAGE_STANDARD = "gnu++14";
				CLANG_CXX_LIBRARY = "libc++";
				CLANG_ENABLE_MODULES = YES;
				CLANG_ENABLE_OBJC_ARC = YES;
				CLANG_ENABLE_OBJC_WEAK = YES;
				CLANG_WARN_BLOCK_CAPTURE_AUTORELEASING = YES;
				CLANG_WARN_BOOL_CONVERSION = YES;
				CLANG_WARN_COMMA = YES;
				CLANG_WARN_CONSTANT_CONVERSION = YES;
				CLANG_WARN_DEPRECATED_OBJC_IMPLEMENTATIONS = YES;
				CLANG_WARN_DIRECT_OBJC_ISA_USAGE = YES_ERROR;
				CLANG_WARN_DOCUMENTATION_COMMENTS = YES;
				CLANG_WARN_EMPTY_BODY = YES;
				CLANG_WARN_ENUM_CONVERSION = YES;
				CLANG_WARN_INFINITE_RECURSION = YES;
				CLANG_WARN_INT_CONVERSION = YES;
				CLANG_WARN_NON_LITERAL_NULL_CONVERSION = YES;
				CLANG_WARN_OBJC_IMPLICIT_RETAIN_SELF = YES;
				CLANG_WARN_OBJC_LITERAL_CONVERSION = YES;
				CLANG_WARN_OBJC_ROOT_CLASS = YES_ERROR;
				CLANG_WARN_QUOTED_INCLUDE_IN_FRAMEWORK_HEADER = YES;
				CLANG_WARN_RANGE_LOOP_ANALYSIS = YES;
				CLANG_WARN_STRICT_PROTOTYPES = YES;
				CLANG_WARN_SUSPICIOUS_MOVE = YES;
				CLANG_WARN_UNGUARDED_AVAILABILITY = YES_AGGRESSIVE;
				CLANG_WARN_UNREACHABLE_CODE = YES;
				CLANG_WARN__DUPLICATE_METHOD_MATCH = YES;
				COPY_PHASE_STRIP = NO;
				DEBUG_INFORMATION_FORMAT = "dwarf-with-dsym";
				ENABLE_NS_ASSERTIONS = NO;
				ENABLE_STRICT_OBJC_MSGSEND = YES;
				GCC_C_LANGUAGE_STANDARD = gnu11;
				GCC_NO_COMMON_BLOCKS = YES;
				GCC_WARN_64_TO_32_BIT_CONVERSION = YES;
				GCC_WARN_ABOUT_RETURN_TYPE = YES_ERROR;
				GCC_WARN_UNDECLARED_SELECTOR = YES;
				GCC_WARN_UNINITIALIZED_AUTOS = YES_AGGRESSIVE;
				GCC_WARN_UNUSED_FUNCTION = YES;
				GCC_WARN_UNUSED_VARIABLE = YES;
				IPHONEOS_DEPLOYMENT_TARGET = 14.5;
				MTL_ENABLE_DEBUG_INFO = NO;
				MTL_FAST_MATH = YES;
				SDKROOT = iphoneos;
				SWIFT_COMPILATION_MODE = wholemodule;
				SWIFT_OPTIMIZATION_LEVEL = "-O";
				VALIDATE_PRODUCT = YES;
			};
			name = Release;
		};
		4F55F32926567B4E00BB6314 /* Debug */ = {
			isa = XCBuildConfiguration;
			buildSettings = {
				ASSETCATALOG_COMPILER_APPICON_NAME = AppIcon;
				ASSETCATALOG_COMPILER_GLOBAL_ACCENT_COLOR_NAME = AccentColor;
				CODE_SIGN_STYLE = Automatic;
				DEVELOPMENT_TEAM = 75TZKXGZQA;
				INFOPLIST_FILE = "MVP-C-Onboarding/Info.plist";
				LD_RUNPATH_SEARCH_PATHS = (
					"$(inherited)",
					"@executable_path/Frameworks",
				);
				PRODUCT_BUNDLE_IDENTIFIER = "com.david-airapps.MVP-C-Onboarding";
				PRODUCT_NAME = "$(TARGET_NAME)";
				SWIFT_VERSION = 5.0;
				TARGETED_DEVICE_FAMILY = "1,2";
			};
			name = Debug;
		};
		4F55F32A26567B4E00BB6314 /* Release */ = {
			isa = XCBuildConfiguration;
			buildSettings = {
				ASSETCATALOG_COMPILER_APPICON_NAME = AppIcon;
				ASSETCATALOG_COMPILER_GLOBAL_ACCENT_COLOR_NAME = AccentColor;
				CODE_SIGN_STYLE = Automatic;
				DEVELOPMENT_TEAM = 75TZKXGZQA;
				INFOPLIST_FILE = "MVP-C-Onboarding/Info.plist";
				LD_RUNPATH_SEARCH_PATHS = (
					"$(inherited)",
					"@executable_path/Frameworks",
				);
				PRODUCT_BUNDLE_IDENTIFIER = "com.david-airapps.MVP-C-Onboarding";
				PRODUCT_NAME = "$(TARGET_NAME)";
				SWIFT_VERSION = 5.0;
				TARGETED_DEVICE_FAMILY = "1,2";
			};
			name = Release;
		};
		4F55F32C26567B4E00BB6314 /* Debug */ = {
			isa = XCBuildConfiguration;
			buildSettings = {
				ALWAYS_EMBED_SWIFT_STANDARD_LIBRARIES = YES;
				BUNDLE_LOADER = "$(TEST_HOST)";
				CODE_SIGN_STYLE = Automatic;
				DEVELOPMENT_TEAM = 75TZKXGZQA;
				INFOPLIST_FILE = "MVP-C-OnboardingTests/Info.plist";
				IPHONEOS_DEPLOYMENT_TARGET = 14.5;
				LD_RUNPATH_SEARCH_PATHS = (
					"$(inherited)",
					"@executable_path/Frameworks",
					"@loader_path/Frameworks",
				);
				PRODUCT_BUNDLE_IDENTIFIER = "com.david-airapps.MVP-C-OnboardingTests";
				PRODUCT_NAME = "$(TARGET_NAME)";
				SWIFT_VERSION = 5.0;
				TARGETED_DEVICE_FAMILY = "1,2";
				TEST_HOST = "$(BUILT_PRODUCTS_DIR)/MVP-C-Onboarding.app/MVP-C-Onboarding";
			};
			name = Debug;
		};
		4F55F32D26567B4E00BB6314 /* Release */ = {
			isa = XCBuildConfiguration;
			buildSettings = {
				ALWAYS_EMBED_SWIFT_STANDARD_LIBRARIES = YES;
				BUNDLE_LOADER = "$(TEST_HOST)";
				CODE_SIGN_STYLE = Automatic;
				DEVELOPMENT_TEAM = 75TZKXGZQA;
				INFOPLIST_FILE = "MVP-C-OnboardingTests/Info.plist";
				IPHONEOS_DEPLOYMENT_TARGET = 14.5;
				LD_RUNPATH_SEARCH_PATHS = (
					"$(inherited)",
					"@executable_path/Frameworks",
					"@loader_path/Frameworks",
				);
				PRODUCT_BUNDLE_IDENTIFIER = "com.david-airapps.MVP-C-OnboardingTests";
				PRODUCT_NAME = "$(TARGET_NAME)";
				SWIFT_VERSION = 5.0;
				TARGETED_DEVICE_FAMILY = "1,2";
				TEST_HOST = "$(BUILT_PRODUCTS_DIR)/MVP-C-Onboarding.app/MVP-C-Onboarding";
			};
			name = Release;
		};
		4F55F32F26567B4E00BB6314 /* Debug */ = {
			isa = XCBuildConfiguration;
			buildSettings = {
				ALWAYS_EMBED_SWIFT_STANDARD_LIBRARIES = YES;
				CODE_SIGN_STYLE = Automatic;
				DEVELOPMENT_TEAM = 75TZKXGZQA;
				INFOPLIST_FILE = "MVP-C-OnboardingUITests/Info.plist";
				LD_RUNPATH_SEARCH_PATHS = (
					"$(inherited)",
					"@executable_path/Frameworks",
					"@loader_path/Frameworks",
				);
				PRODUCT_BUNDLE_IDENTIFIER = "com.david-airapps.MVP-C-OnboardingUITests";
				PRODUCT_NAME = "$(TARGET_NAME)";
				SWIFT_VERSION = 5.0;
				TARGETED_DEVICE_FAMILY = "1,2";
				TEST_TARGET_NAME = "MVP-C-Onboarding";
			};
			name = Debug;
		};
		4F55F33026567B4E00BB6314 /* Release */ = {
			isa = XCBuildConfiguration;
			buildSettings = {
				ALWAYS_EMBED_SWIFT_STANDARD_LIBRARIES = YES;
				CODE_SIGN_STYLE = Automatic;
				DEVELOPMENT_TEAM = 75TZKXGZQA;
				INFOPLIST_FILE = "MVP-C-OnboardingUITests/Info.plist";
				LD_RUNPATH_SEARCH_PATHS = (
					"$(inherited)",
					"@executable_path/Frameworks",
					"@loader_path/Frameworks",
				);
				PRODUCT_BUNDLE_IDENTIFIER = "com.david-airapps.MVP-C-OnboardingUITests";
				PRODUCT_NAME = "$(TARGET_NAME)";
				SWIFT_VERSION = 5.0;
				TARGETED_DEVICE_FAMILY = "1,2";
				TEST_TARGET_NAME = "MVP-C-Onboarding";
			};
			name = Release;
		};
/* End XCBuildConfiguration section */

/* Begin XCConfigurationList section */
		4F55F2F926567B4C00BB6314 /* Build configuration list for PBXProject "MVP-C-Onboarding" */ = {
			isa = XCConfigurationList;
			buildConfigurations = (
				4F55F32626567B4E00BB6314 /* Debug */,
				4F55F32726567B4E00BB6314 /* Release */,
			);
			defaultConfigurationIsVisible = 0;
			defaultConfigurationName = Release;
		};
		4F55F32826567B4E00BB6314 /* Build configuration list for PBXNativeTarget "MVP-C-Onboarding" */ = {
			isa = XCConfigurationList;
			buildConfigurations = (
				4F55F32926567B4E00BB6314 /* Debug */,
				4F55F32A26567B4E00BB6314 /* Release */,
			);
			defaultConfigurationIsVisible = 0;
			defaultConfigurationName = Release;
		};
		4F55F32B26567B4E00BB6314 /* Build configuration list for PBXNativeTarget "MVP-C-OnboardingTests" */ = {
			isa = XCConfigurationList;
			buildConfigurations = (
				4F55F32C26567B4E00BB6314 /* Debug */,
				4F55F32D26567B4E00BB6314 /* Release */,
			);
			defaultConfigurationIsVisible = 0;
			defaultConfigurationName = Release;
		};
		4F55F32E26567B4E00BB6314 /* Build configuration list for PBXNativeTarget "MVP-C-OnboardingUITests" */ = {
			isa = XCConfigurationList;
			buildConfigurations = (
				4F55F32F26567B4E00BB6314 /* Debug */,
				4F55F33026567B4E00BB6314 /* Release */,
			);
			defaultConfigurationIsVisible = 0;
			defaultConfigurationName = Release;
		};
/* End XCConfigurationList section */
	};
	rootObject = 4F55F2F626567B4C00BB6314 /* Project object */;
}
